
Microsoft Visual Studio Solution File, Format Version 12.00
# Visual Studio Version 17
VisualStudioVersion = 17.5.33502.453
MinimumVisualStudioVersion = 10.0.40219.1
Project("{8BC9CEB8-8B4A-11D0-8D11-00A0C91BC942}") = "StaticMember_087", "StaticMember_087\StaticMember_087.vcxproj", "{C318F405-0CA7-4865-A427-5EBCE193E128}"
EndProject
Project("{8BC9CEB8-8B4A-11D0-8D11-00A0C91BC942}") = "ChainFunction", "ChainFunction\ChainFunction.vcxproj", "{6B45EDDC-A562-4E80-A91E-DC37D1896DD4}"
EndProject
Project("{8BC9CEB8-8B4A-11D0-8D11-00A0C91BC942}") = "Destruktor", "Destruktor\Destruktor.vcxproj", "{E1337240-E7BC-4DB6-8ECD-A40B01C40376}"
EndProject
Project("{8BC9CEB8-8B4A-11D0-8D11-00A0C91BC942}") = "Konstruktor", "Konstruktor\Konstruktor.vcxproj", "{88F6951C-48CA-491B-8A97-1FCD7A7410B6}"
EndProject
Project("{8BC9CEB8-8B4A-11D0-8D11-00A0C91BC942}") = "MbrStatikFunc", "MbrStatikFunc\MbrStatikFunc.vcxproj", "{B9ABF7E3-F9D4-4F9C-80F7-BF8686437B53}"
EndProject
Global
	GlobalSection(SolutionConfigurationPlatforms) = preSolution
		Debug|x64 = Debug|x64
		Debug|x86 = Debug|x86
		Release|x64 = Release|x64
		Release|x86 = Release|x86
	EndGlobalSection
	GlobalSection(ProjectConfigurationPlatforms) = postSolution
		{C318F405-0CA7-4865-A427-5EBCE193E128}.Debug|x64.ActiveCfg = Debug|x64
		{C318F405-0CA7-4865-A427-5EBCE193E128}.Debug|x64.Build.0 = Debug|x64
		{C318F405-0CA7-4865-A427-5EBCE193E128}.Debug|x86.ActiveCfg = Debug|Win32
		{C318F405-0CA7-4865-A427-5EBCE193E128}.Debug|x86.Build.0 = Debug|Win32
		{C318F405-0CA7-4865-A427-5EBCE193E128}.Release|x64.ActiveCfg = Release|x64
		{C318F405-0CA7-4865-A427-5EBCE193E128}.Release|x64.Build.0 = Release|x64
		{C318F405-0CA7-4865-A427-5EBCE193E128}.Release|x86.ActiveCfg = Release|Win32
		{C318F405-0CA7-4865-A427-5EBCE193E128}.Release|x86.Build.0 = Release|Win32
		{6B45EDDC-A562-4E80-A91E-DC37D1896DD4}.Debug|x64.ActiveCfg = Debug|x64
		{6B45EDDC-A562-4E80-A91E-DC37D1896DD4}.Debug|x64.Build.0 = Debug|x64
		{6B45EDDC-A562-4E80-A91E-DC37D1896DD4}.Debug|x86.ActiveCfg = Debug|Win32
		{6B45EDDC-A562-4E80-A91E-DC37D1896DD4}.Debug|x86.Build.0 = Debug|Win32
		{6B45EDDC-A562-4E80-A91E-DC37D1896DD4}.Release|x64.ActiveCfg = Release|x64
		{6B45EDDC-A562-4E80-A91E-DC37D1896DD4}.Release|x64.Build.0 = Release|x64
		{6B45EDDC-A562-4E80-A91E-DC37D1896DD4}.Release|x86.ActiveCfg = Release|Win32
		{6B45EDDC-A562-4E80-A91E-DC37D1896DD4}.Release|x86.Build.0 = Release|Win32
		{E1337240-E7BC-4DB6-8ECD-A40B01C40376}.Debug|x64.ActiveCfg = Debug|x64
		{E1337240-E7BC-4DB6-8ECD-A40B01C40376}.Debug|x64.Build.0 = Debug|x64
		{E1337240-E7BC-4DB6-8ECD-A40B01C40376}.Debug|x86.ActiveCfg = Debug|Win32
		{E1337240-E7BC-4DB6-8ECD-A40B01C40376}.Debug|x86.Build.0 = Debug|Win32
		{E1337240-E7BC-4DB6-8ECD-A40B01C40376}.Release|x64.ActiveCfg = Release|x64
		{E1337240-E7BC-4DB6-8ECD-A40B01C40376}.Release|x64.Build.0 = Release|x64
		{E1337240-E7BC-4DB6-8ECD-A40B01C40376}.Release|x86.ActiveCfg = Release|Win32
		{E1337240-E7BC-4DB6-8ECD-A40B01C40376}.Release|x86.Build.0 = Release|Win32
		{88F6951C-48CA-491B-8A97-1FCD7A7410B6}.Debug|x64.ActiveCfg = Debug|x64
		{88F6951C-48CA-491B-8A97-1FCD7A7410B6}.Debug|x64.Build.0 = Debug|x64
		{88F6951C-48CA-491B-8A97-1FCD7A7410B6}.Debug|x86.ActiveCfg = Debug|Win32
		{88F6951C-48CA-491B-8A97-1FCD7A7410B6}.Debug|x86.Build.0 = Debug|Win32
		{88F6951C-48CA-491B-8A97-1FCD7A7410B6}.Release|x64.ActiveCfg = Release|x64
		{88F6951C-48CA-491B-8A97-1FCD7A7410B6}.Release|x64.Build.0 = Release|x64
		{88F6951C-48CA-491B-8A97-1FCD7A7410B6}.Release|x86.ActiveCfg = Release|Win32
		{88F6951C-48CA-491B-8A97-1FCD7A7410B6}.Release|x86.Build.0 = Release|Win32
		{B9ABF7E3-F9D4-4F9C-80F7-BF8686437B53}.Debug|x64.ActiveCfg = Debug|x64
		{B9ABF7E3-F9D4-4F9C-80F7-BF8686437B53}.Debug|x64.Build.0 = Debug|x64
		{B9ABF7E3-F9D4-4F9C-80F7-BF8686437B53}.Debug|x86.ActiveCfg = Debug|Win32
		{B9ABF7E3-F9D4-4F9C-80F7-BF8686437B53}.Debug|x86.Build.0 = Debug|Win32
		{B9ABF7E3-F9D4-4F9C-80F7-BF8686437B53}.Release|x64.ActiveCfg = Release|x64
		{B9ABF7E3-F9D4-4F9C-80F7-BF8686437B53}.Release|x64.Build.0 = Release|x64
		{B9ABF7E3-F9D4-4F9C-80F7-BF8686437B53}.Release|x86.ActiveCfg = Release|Win32
		{B9ABF7E3-F9D4-4F9C-80F7-BF8686437B53}.Release|x86.Build.0 = Release|Win32
	EndGlobalSection
	GlobalSection(SolutionProperties) = preSolution
		HideSolutionNode = FALSE
	EndGlobalSection
	GlobalSection(ExtensibilityGlobals) = postSolution
		SolutionGuid = {2937CE3D-737E-40DE-92C6-71FBE72404EB}
	EndGlobalSection
EndGlobal
